
Microsoft Visual Studio Solution File, Format Version 12.00
# Visual Studio 15
VisualStudioVersion = 15.0.26228.9
MinimumVisualStudioVersion = 10.0.40219.1
Project("{FAE04EC0-301F-11D3-BF4B-00C04F79EFBC}") = "MipsSharp", "MipsSharp\MipsSharp.csproj", "{CE1ABF6F-DC4E-485F-A539-6AE0B9AA6CE9}"
EndProject
Project("{FAE04EC0-301F-11D3-BF4B-00C04F79EFBC}") = "MipsSharp.Tests", "MipsSharp.Tests\MipsSharp.Tests.csproj", "{22649C6B-237A-490D-A947-B83AC0E85AC8}"
EndProject
Global
	GlobalSection(SolutionConfigurationPlatforms) = preSolution
		Debug|Any CPU = Debug|Any CPU
		Release|Any CPU = Release|Any CPU
	EndGlobalSection
	GlobalSection(ProjectConfigurationPlatforms) = postSolution
		{CE1ABF6F-DC4E-485F-A539-6AE0B9AA6CE9}.Debug|Any CPU.ActiveCfg = Debug|Any CPU
		{CE1ABF6F-DC4E-485F-A539-6AE0B9AA6CE9}.Debug|Any CPU.Build.0 = Debug|Any CPU
		{CE1ABF6F-DC4E-485F-A539-6AE0B9AA6CE9}.Release|Any CPU.ActiveCfg = Release|Any CPU
		{CE1ABF6F-DC4E-485F-A539-6AE0B9AA6CE9}.Release|Any CPU.Build.0 = Release|Any CPU
		{22649C6B-237A-490D-A947-B83AC0E85AC8}.Debug|Any CPU.ActiveCfg = Debug|Any CPU
		{22649C6B-237A-490D-A947-B83AC0E85AC8}.Debug|Any CPU.Build.0 = Debug|Any CPU
		{22649C6B-237A-490D-A947-B83AC0E85AC8}.Release|Any CPU.ActiveCfg = Release|Any CPU
		{22649C6B-237A-490D-A947-B83AC0E85AC8}.Release|Any CPU.Build.0 = Release|Any CPU
	EndGlobalSection
	GlobalSection(SolutionProperties) = preSolution
		HideSolutionNode = FALSE
	EndGlobalSection
EndGlobal
